{
  "name": "prepros-project",
  "version": "1.0.0",
  "lockfileVersion": 1,
  "requires": true,
  "dependencies": {
    "dom7": {
      "version": "2.1.5",
      "resolved": "https://registry.npmjs.org/dom7/-/dom7-2.1.5.tgz",
      "integrity": "sha512-xnhwVgyOh3eD++/XGtH+5qBwYTgCm0aW91GFgPJ3XG+jlsRLyJivnbP0QmUBFhI+Oaz9FV0s7cxgXHezwOEBYA==",
      "requires": {
        "ssr-window": "^2.0.0"
      },
      "dependencies": {
        "ssr-window": {
          "version": "2.0.0",
          "resolved": "https://registry.npmjs.org/ssr-window/-/ssr-window-2.0.0.tgz",
          "integrity": "sha512-NXzN+/HPObKAx191H3zKlYomE5WrVIkoCB5IaSdvKokxTpjBdWfr0RaP+1Z5KOfDT0ZVz+2tdtiBkhsEQ9p+0A=="
        }
      }
    },
    "ssr-window": {
      "version": "1.0.1",
      "resolved": "https://registry.npmjs.org/ssr-window/-/ssr-window-1.0.1.tgz",
      "integrity": "sha512-dgFqB+f00LJTEgb6UXhx0h+SrG50LJvti2yMKMqAgzfUmUXZrLSv2fjULF7AWGwK25EXu8+smLR3jYsJQChPsg=="
    },
    "swiper": {
      "version": "5.3.5",
      "resolved": "https://registry.npmjs.org/swiper/-/swiper-5.3.5.tgz",
      "integrity": "sha512-ev/Y+7kKw9aIPgDunhIoAG2jEzlpJISnp39z01SGOOenlJ57OYIHvVdc89THLvlno2XpnZw2kxSCf4P2MSJVFA==",
      "requires": {
        "dom7": "^2.1.3",
        "ssr-window": "^1.0.1"
      }
    }
  }
}
